
Microsoft Visual Studio Solution File, Format Version 12.00
# Visual Studio Version 17
VisualStudioVersion = 17.7.34202.233
MinimumVisualStudioVersion = 10.0.40219.1
Project("{FAE04EC0-301F-11D3-BF4B-00C04F79EFBC}") = "SegurosCrecerAPI", "SegurosCrecerAPI.csproj", "{1DD0E4F9-8462-465E-BE89-332F42B2F88E}"
EndProject
Global
	GlobalSection(SolutionConfigurationPlatforms) = preSolution
		Debug|Any CPU = Debug|Any CPU
		Release|Any CPU = Release|Any CPU
	EndGlobalSection
	GlobalSection(ProjectConfigurationPlatforms) = postSolution
		{1DD0E4F9-8462-465E-BE89-332F42B2F88E}.Debug|Any CPU.ActiveCfg = Debug|Any CPU
		{1DD0E4F9-8462-465E-BE89-332F42B2F88E}.Debug|Any CPU.Build.0 = Debug|Any CPU
		{1DD0E4F9-8462-465E-BE89-332F42B2F88E}.Release|Any CPU.ActiveCfg = Release|Any CPU
		{1DD0E4F9-8462-465E-BE89-332F42B2F88E}.Release|Any CPU.Build.0 = Release|Any CPU
	EndGlobalSection
	GlobalSection(SolutionProperties) = preSolution
		HideSolutionNode = FALSE
	EndGlobalSection
	GlobalSection(ExtensibilityGlobals) = postSolution
		SolutionGuid = {D047E7C1-2FA0-4526-B41C-05DF76394C99}
	EndGlobalSection
EndGlobal
